
Microsoft Visual Studio Solution File, Format Version 12.00
# Visual Studio Version 17
VisualStudioVersion = 17.5.001.0
MinimumVisualStudioVersion = 10.0.40219.1
Project("{9A19103F-16F7-4668-BE54-9A1E7A4F7556}") = "model", "model.csproj", "{08081EC3-8153-47C0-AE02-035E6D7F0EC4}"
EndProject
Global
	GlobalSection(SolutionConfigurationPlatforms) = preSolution
		Debug|Any CPU = Debug|Any CPU
		Release|Any CPU = Release|Any CPU
	EndGlobalSection
	GlobalSection(ProjectConfigurationPlatforms) = postSolution
		{08081EC3-8153-47C0-AE02-035E6D7F0EC4}.Debug|Any CPU.ActiveCfg = Debug|Any CPU
		{08081EC3-8153-47C0-AE02-035E6D7F0EC4}.Debug|Any CPU.Build.0 = Debug|Any CPU
		{08081EC3-8153-47C0-AE02-035E6D7F0EC4}.Release|Any CPU.ActiveCfg = Release|Any CPU
		{08081EC3-8153-47C0-AE02-035E6D7F0EC4}.Release|Any CPU.Build.0 = Release|Any CPU
	EndGlobalSection
	GlobalSection(SolutionProperties) = preSolution
		HideSolutionNode = FALSE
	EndGlobalSection
	GlobalSection(ExtensibilityGlobals) = postSolution
		SolutionGuid = {C3B9F7E7-85DB-4F3B-BE91-0B2B524A41C1}
	EndGlobalSection
EndGlobal
